Microsoft Visual Studio Solution File, Format Version 12.00
# Visual Studio 2012
Project("{FAE04EC0-301F-11D3-BF4B-00C04F79EFBC}") = "ArenaMoba", "ArenaMoba.csproj", "{9E83275D-B7B7-4FEC-B616-05540D10316D}"
EndProject
Global
	GlobalSection(SolutionConfigurationPlatforms) = preSolution
	Debug|Any CPU = Debug|Any CPU
	ExportDebug|Any CPU = ExportDebug|Any CPU
	ExportRelease|Any CPU = ExportRelease|Any CPU
	EndGlobalSection
	GlobalSection(ProjectConfigurationPlatforms) = postSolution
		{9E83275D-B7B7-4FEC-B616-05540D10316D}.Debug|Any CPU.ActiveCfg = Debug|Any CPU
		{9E83275D-B7B7-4FEC-B616-05540D10316D}.Debug|Any CPU.Build.0 = Debug|Any CPU
		{9E83275D-B7B7-4FEC-B616-05540D10316D}.ExportDebug|Any CPU.ActiveCfg = ExportDebug|Any CPU
		{9E83275D-B7B7-4FEC-B616-05540D10316D}.ExportDebug|Any CPU.Build.0 = ExportDebug|Any CPU
		{9E83275D-B7B7-4FEC-B616-05540D10316D}.ExportRelease|Any CPU.ActiveCfg = ExportRelease|Any CPU
		{9E83275D-B7B7-4FEC-B616-05540D10316D}.ExportRelease|Any CPU.Build.0 = ExportRelease|Any CPU
	EndGlobalSection
EndGlobal
